
Microsoft Visual Studio Solution File, Format Version 12.00
# Visual Studio Version 17
VisualStudioVersion = 17.10.34928.147
MinimumVisualStudioVersion = 10.0.40219.1
Project("{FAE04EC0-301F-11D3-BF4B-00C04F79EFBC}") = "lab66", "lab66.csproj", "{05924662-8EE0-4B2F-A3B7-CB14B05BD379}"
EndProject
Global
	GlobalSection(SolutionConfigurationPlatforms) = preSolution
		Debug|Any CPU = Debug|Any CPU
		Release|Any CPU = Release|Any CPU
	EndGlobalSection
	GlobalSection(ProjectConfigurationPlatforms) = postSolution
		{05924662-8EE0-4B2F-A3B7-CB14B05BD379}.Debug|Any CPU.ActiveCfg = Debug|Any CPU
		{05924662-8EE0-4B2F-A3B7-CB14B05BD379}.Debug|Any CPU.Build.0 = Debug|Any CPU
		{05924662-8EE0-4B2F-A3B7-CB14B05BD379}.Release|Any CPU.ActiveCfg = Release|Any CPU
		{05924662-8EE0-4B2F-A3B7-CB14B05BD379}.Release|Any CPU.Build.0 = Release|Any CPU
	EndGlobalSection
	GlobalSection(SolutionProperties) = preSolution
		HideSolutionNode = FALSE
	EndGlobalSection
	GlobalSection(ExtensibilityGlobals) = postSolution
		SolutionGuid = {80D941B1-02C9-4D76-A94B-56277CF48300}
	EndGlobalSection
EndGlobal
